
Microsoft Visual Studio Solution File, Format Version 12.00
# Visual Studio Version 16
VisualStudioVersion = 16.0.29306.81
MinimumVisualStudioVersion = 10.0.40219.1
Project("{FAE04EC0-301F-11D3-BF4B-00C04F79EFBC}") = "MefWpfExample.Plugin", "MefWpfExample.Plugin\MefWpfExample.Plugin.csproj", "{1E1B18AA-0E2E-4512-828A-B8C402C2B37E}"
EndProject
Project("{FAE04EC0-301F-11D3-BF4B-00C04F79EFBC}") = "AutomeasR3", "AutomeasR3\AutomeasR3.csproj", "{20F563A4-8969-4258-81B0-8F4B5DCACBD4}"
EndProject
Project("{FAE04EC0-301F-11D3-BF4B-00C04F79EFBC}") = "AuromeasR3.Core", "AuromeasR3.Core\AuromeasR3.Core.csproj", "{E31417E4-BC8F-4102-86FF-38BBD3C14397}"
EndProject
Project("{FAE04EC0-301F-11D3-BF4B-00C04F79EFBC}") = "AutomeasR3.PluginExample", "AutomeasR3.PluginExample\AutomeasR3.PluginExample.csproj", "{44D4A2DF-AF91-4584-B8AA-5AFE0DA16776}"
EndProject
Global
	GlobalSection(SolutionConfigurationPlatforms) = preSolution
		Debug|Any CPU = Debug|Any CPU
		Release|Any CPU = Release|Any CPU
	EndGlobalSection
	GlobalSection(ProjectConfigurationPlatforms) = postSolution
		{1E1B18AA-0E2E-4512-828A-B8C402C2B37E}.Debug|Any CPU.ActiveCfg = Debug|Any CPU
		{1E1B18AA-0E2E-4512-828A-B8C402C2B37E}.Debug|Any CPU.Build.0 = Debug|Any CPU
		{1E1B18AA-0E2E-4512-828A-B8C402C2B37E}.Release|Any CPU.ActiveCfg = Release|Any CPU
		{1E1B18AA-0E2E-4512-828A-B8C402C2B37E}.Release|Any CPU.Build.0 = Release|Any CPU
		{20F563A4-8969-4258-81B0-8F4B5DCACBD4}.Debug|Any CPU.ActiveCfg = Debug|Any CPU
		{20F563A4-8969-4258-81B0-8F4B5DCACBD4}.Debug|Any CPU.Build.0 = Debug|Any CPU
		{20F563A4-8969-4258-81B0-8F4B5DCACBD4}.Release|Any CPU.ActiveCfg = Release|Any CPU
		{20F563A4-8969-4258-81B0-8F4B5DCACBD4}.Release|Any CPU.Build.0 = Release|Any CPU
		{E31417E4-BC8F-4102-86FF-38BBD3C14397}.Debug|Any CPU.ActiveCfg = Debug|Any CPU
		{E31417E4-BC8F-4102-86FF-38BBD3C14397}.Debug|Any CPU.Build.0 = Debug|Any CPU
		{E31417E4-BC8F-4102-86FF-38BBD3C14397}.Release|Any CPU.ActiveCfg = Release|Any CPU
		{E31417E4-BC8F-4102-86FF-38BBD3C14397}.Release|Any CPU.Build.0 = Release|Any CPU
		{44D4A2DF-AF91-4584-B8AA-5AFE0DA16776}.Debug|Any CPU.ActiveCfg = Debug|Any CPU
		{44D4A2DF-AF91-4584-B8AA-5AFE0DA16776}.Debug|Any CPU.Build.0 = Debug|Any CPU
		{44D4A2DF-AF91-4584-B8AA-5AFE0DA16776}.Release|Any CPU.ActiveCfg = Release|Any CPU
		{44D4A2DF-AF91-4584-B8AA-5AFE0DA16776}.Release|Any CPU.Build.0 = Release|Any CPU
	EndGlobalSection
	GlobalSection(SolutionProperties) = preSolution
		HideSolutionNode = FALSE
	EndGlobalSection
	GlobalSection(ExtensibilityGlobals) = postSolution
		SolutionGuid = {92288A17-D65B-4216-8638-BB5C568B008A}
	EndGlobalSection
EndGlobal
