
Microsoft Visual Studio Solution File, Format Version 12.00
# Visual Studio Version 16
VisualStudioVersion = 16.0.29306.81
MinimumVisualStudioVersion = 10.0.40219.1
Project("{FAE04EC0-301F-11D3-BF4B-00C04F79EFBC}") = "MefWpfExample.Core", "MefWpfExample.Core\MefWpfExample.Core.csproj", "{BAB1C4C0-7C86-4716-813C-670D3104B036}"
EndProject
Project("{FAE04EC0-301F-11D3-BF4B-00C04F79EFBC}") = "MefWpfExample.Plugin", "MefWpfExample.Plugin\MefWpfExample.Plugin.csproj", "{1E1B18AA-0E2E-4512-828A-B8C402C2B37E}"
EndProject
Project("{FAE04EC0-301F-11D3-BF4B-00C04F79EFBC}") = "MefWpfExample", "MefWpfExample\MefWpfExample.csproj", "{336BA717-D36C-42F9-96AC-68DD517E66E7}"
EndProject
Project("{FAE04EC0-301F-11D3-BF4B-00C04F79EFBC}") = "MefEpfExample.AnotherPlugin", "MefEpfExample.AnotherPlugin\MefEpfExample.AnotherPlugin.csproj", "{49ED91D9-2293-4B73-B40B-97F818A714E2}"
EndProject
Global
	GlobalSection(SolutionConfigurationPlatforms) = preSolution
		Debug|Any CPU = Debug|Any CPU
		Release|Any CPU = Release|Any CPU
	EndGlobalSection
	GlobalSection(ProjectConfigurationPlatforms) = postSolution
		{BAB1C4C0-7C86-4716-813C-670D3104B036}.Debug|Any CPU.ActiveCfg = Debug|Any CPU
		{BAB1C4C0-7C86-4716-813C-670D3104B036}.Debug|Any CPU.Build.0 = Debug|Any CPU
		{BAB1C4C0-7C86-4716-813C-670D3104B036}.Release|Any CPU.ActiveCfg = Release|Any CPU
		{BAB1C4C0-7C86-4716-813C-670D3104B036}.Release|Any CPU.Build.0 = Release|Any CPU
		{1E1B18AA-0E2E-4512-828A-B8C402C2B37E}.Debug|Any CPU.ActiveCfg = Debug|Any CPU
		{1E1B18AA-0E2E-4512-828A-B8C402C2B37E}.Debug|Any CPU.Build.0 = Debug|Any CPU
		{1E1B18AA-0E2E-4512-828A-B8C402C2B37E}.Release|Any CPU.ActiveCfg = Release|Any CPU
		{1E1B18AA-0E2E-4512-828A-B8C402C2B37E}.Release|Any CPU.Build.0 = Release|Any CPU
		{336BA717-D36C-42F9-96AC-68DD517E66E7}.Debug|Any CPU.ActiveCfg = Debug|Any CPU
		{336BA717-D36C-42F9-96AC-68DD517E66E7}.Debug|Any CPU.Build.0 = Debug|Any CPU
		{336BA717-D36C-42F9-96AC-68DD517E66E7}.Release|Any CPU.ActiveCfg = Release|Any CPU
		{336BA717-D36C-42F9-96AC-68DD517E66E7}.Release|Any CPU.Build.0 = Release|Any CPU
		{49ED91D9-2293-4B73-B40B-97F818A714E2}.Debug|Any CPU.ActiveCfg = Debug|Any CPU
		{49ED91D9-2293-4B73-B40B-97F818A714E2}.Debug|Any CPU.Build.0 = Debug|Any CPU
		{49ED91D9-2293-4B73-B40B-97F818A714E2}.Release|Any CPU.ActiveCfg = Release|Any CPU
		{49ED91D9-2293-4B73-B40B-97F818A714E2}.Release|Any CPU.Build.0 = Release|Any CPU
	EndGlobalSection
	GlobalSection(SolutionProperties) = preSolution
		HideSolutionNode = FALSE
	EndGlobalSection
	GlobalSection(ExtensibilityGlobals) = postSolution
		SolutionGuid = {92288A17-D65B-4216-8638-BB5C568B008A}
	EndGlobalSection
EndGlobal
